
Microsoft Visual Studio Solution File, Format Version 12.00
# Visual Studio Version 18
VisualStudioVersion = 18.4.11626.88 stable
MinimumVisualStudioVersion = 10.0.40219.1
Project("{FAE04EC0-301F-11D3-BF4B-00C04F79EFBC}") = "ApiFacturaConcurrente", "ApiFacturaConcurrente.csproj", "{FBB69575-CB68-57E9-68AD-553E42FB5B04}"
EndProject
Global
	GlobalSection(SolutionConfigurationPlatforms) = preSolution
		Debug|Any CPU = Debug|Any CPU
		Release|Any CPU = Release|Any CPU
	EndGlobalSection
	GlobalSection(ProjectConfigurationPlatforms) = postSolution
		{FBB69575-CB68-57E9-68AD-553E42FB5B04}.Debug|Any CPU.ActiveCfg = Debug|Any CPU
		{FBB69575-CB68-57E9-68AD-553E42FB5B04}.Debug|Any CPU.Build.0 = Debug|Any CPU
		{FBB69575-CB68-57E9-68AD-553E42FB5B04}.Release|Any CPU.ActiveCfg = Release|Any CPU
		{FBB69575-CB68-57E9-68AD-553E42FB5B04}.Release|Any CPU.Build.0 = Release|Any CPU
	EndGlobalSection
	GlobalSection(SolutionProperties) = preSolution
		HideSolutionNode = FALSE
	EndGlobalSection
	GlobalSection(ExtensibilityGlobals) = postSolution
		SolutionGuid = {E58C6399-3345-4282-B4F0-677F36489332}
	EndGlobalSection
EndGlobal
